// !$*UTF8*$!
{
	archiveVersion = 1;
	classes = {
	};
	objectVersion = 51;
	objects = {

/* Begin PBXBuildFile section */
		201850C425B11E3E005FBF3E /* SignUpViewController.swift in Sources */ = {isa = PBXBuildFile; fileRef = 201850C325B11E3E005FBF3E /* SignUpViewController.swift */; };
		201850C725B11E86005FBF3E /* SignLoginSelectViewController.swift in Sources */ = {isa = PBXBuildFile; fileRef = 201850C625B11E86005FBF3E /* SignLoginSelectViewController.swift */; };
		201850CA25B11F02005FBF3E /* LogInViewController.swift in Sources */ = {isa = PBXBuildFile; fileRef = 201850C925B11F01005FBF3E /* LogInViewController.swift */; };
		201850D725B155B0005FBF3E /* Informations.swift in Sources */ = {isa = PBXBuildFile; fileRef = 201850D625B155B0005FBF3E /* Informations.swift */; };
		2042E18825B1769B006DA999 /* completeLogInViewController.swift in Sources */ = {isa = PBXBuildFile; fileRef = 2042E18725B1769B006DA999 /* completeLogInViewController.swift */; };
		205C165A25B6EFC200585BFE /* Chat.storyboard in Resources */ = {isa = PBXBuildFile; fileRef = 205C165925B6EFC200585BFE /* Chat.storyboard */; };
		205C165F25B6F50700585BFE /* UserListViewController.swift in Sources */ = {isa = PBXBuildFile; fileRef = 205C165E25B6F50700585BFE /* UserListViewController.swift */; };
		207ACD9425B410E400FE4BDA /* GoogleService-Info.plist in Resources */ = {isa = PBXBuildFile; fileRef = 207ACD9325B410E400FE4BDA /* GoogleService-Info.plist */; };
		207E15BF25BA869400099AF6 /* FirebaseDataService.swift in Sources */ = {isa = PBXBuildFile; fileRef = 207E15BE25BA869400099AF6 /* FirebaseDataService.swift */; };
		207E15C225BA913600099AF6 /* ChatViewController.swift in Sources */ = {isa = PBXBuildFile; fileRef = 207E15C125BA913600099AF6 /* ChatViewController.swift */; };
		207E15C525BA936E00099AF6 /* ChatMessageCell.swift in Sources */ = {isa = PBXBuildFile; fileRef = 207E15C425BA936E00099AF6 /* ChatMessageCell.swift */; };
		20BDBCCD25BACE18002C7C7E /* ChatGroupViewController.swift in Sources */ = {isa = PBXBuildFile; fileRef = 20BDBCCC25BACE18002C7C7E /* ChatGroupViewController.swift */; };
		253D29DC25973B1700ED0FC6 /* AppDelegate.swift in Sources */ = {isa = PBXBuildFile; fileRef = 253D29DB25973B1700ED0FC6 /* AppDelegate.swift */; };
		253D29DE25973B1700ED0FC6 /* SceneDelegate.swift in Sources */ = {isa = PBXBuildFile; fileRef = 253D29DD25973B1700ED0FC6 /* SceneDelegate.swift */; };
		253D29E025973B1700ED0FC6 /* MapViewController.swift in Sources */ = {isa = PBXBuildFile; fileRef = 253D29DF25973B1700ED0FC6 /* MapViewController.swift */; };
		253D29E325973B1700ED0FC6 /* Main.storyboard in Resources */ = {isa = PBXBuildFile; fileRef = 253D29E125973B1700ED0FC6 /* Main.storyboard */; };
		253D29E525973B1800ED0FC6 /* Assets.xcassets in Resources */ = {isa = PBXBuildFile; fileRef = 253D29E425973B1800ED0FC6 /* Assets.xcassets */; };
		253D29E825973B1800ED0FC6 /* LaunchScreen.storyboard in Resources */ = {isa = PBXBuildFile; fileRef = 253D29E625973B1800ED0FC6 /* LaunchScreen.storyboard */; };
		253D29F8259774B000ED0FC6 /* Search.storyboard in Resources */ = {isa = PBXBuildFile; fileRef = 253D29F7259774B000ED0FC6 /* Search.storyboard */; };
		253D29FD259775A400ED0FC6 /* login.storyboard in Resources */ = {isa = PBXBuildFile; fileRef = 253D29FC259775A400ED0FC6 /* login.storyboard */; };
		253D2A00259779DB00ED0FC6 /* FindOrRegister.storyboard in Resources */ = {isa = PBXBuildFile; fileRef = 253D29FF259779DB00ED0FC6 /* FindOrRegister.storyboard */; };
		253D2A0325977B4400ED0FC6 /* SearchViewController.swift in Sources */ = {isa = PBXBuildFile; fileRef = 253D2A0225977B4400ED0FC6 /* SearchViewController.swift */; };
		253D2A0925977B5F00ED0FC6 /* FindOrRegisterViewController.swift in Sources */ = {isa = PBXBuildFile; fileRef = 253D2A0825977B5F00ED0FC6 /* FindOrRegisterViewController.swift */; };
		F792A8E1E37D771B4D66C60C /* Pods_Whereismythings.framework in Frameworks */ = {isa = PBXBuildFile; fileRef = F1066415A2A49B96AEF83060 /* Pods_Whereismythings.framework */; };
/* End PBXBuildFile section */

/* Begin PBXFileReference section */
		201850C325B11E3E005FBF3E /* SignUpViewController.swift */ = {isa = PBXFileReference; lastKnownFileType = sourcecode.swift; path = SignUpViewController.swift; sourceTree = "<group>"; };
		201850C625B11E86005FBF3E /* SignLoginSelectViewController.swift */ = {isa = PBXFileReference; lastKnownFileType = sourcecode.swift; path = SignLoginSelectViewController.swift; sourceTree = "<group>"; };
		201850C925B11F01005FBF3E /* LogInViewController.swift */ = {isa = PBXFileReference; lastKnownFileType = sourcecode.swift; path = LogInViewController.swift; sourceTree = "<group>"; };
		201850D625B155B0005FBF3E /* Informations.swift */ = {isa = PBXFileReference; lastKnownFileType = sourcecode.swift; path = Informations.swift; sourceTree = "<group>"; };
		2042E18725B1769B006DA999 /* completeLogInViewController.swift */ = {isa = PBXFileReference; lastKnownFileType = sourcecode.swift; path = completeLogInViewController.swift; sourceTree = "<group>"; };
		205C165925B6EFC200585BFE /* Chat.storyboard */ = {isa = PBXFileReference; lastKnownFileType = file.storyboard; path = Chat.storyboard; sourceTree = "<group>"; };
		205C165E25B6F50700585BFE /* UserListViewController.swift */ = {isa = PBXFileReference; lastKnownFileType = sourcecode.swift; path = UserListViewController.swift; sourceTree = "<group>"; };
		207ACD9325B410E400FE4BDA /* GoogleService-Info.plist */ = {isa = PBXFileReference; lastKnownFileType = text.plist; path = "GoogleService-Info.plist"; sourceTree = SOURCE_ROOT; };
		207E15BE25BA869400099AF6 /* FirebaseDataService.swift */ = {isa = PBXFileReference; fileEncoding = 4; lastKnownFileType = sourcecode.swift; path = FirebaseDataService.swift; sourceTree = "<group>"; };
		207E15C125BA913600099AF6 /* ChatViewController.swift */ = {isa = PBXFileReference; lastKnownFileType = sourcecode.swift; path = ChatViewController.swift; sourceTree = "<group>"; };
		207E15C425BA936E00099AF6 /* ChatMessageCell.swift */ = {isa = PBXFileReference; fileEncoding = 4; lastKnownFileType = sourcecode.swift; path = ChatMessageCell.swift; sourceTree = "<group>"; };
		20BDBCCC25BACE18002C7C7E /* ChatGroupViewController.swift */ = {isa = PBXFileReference; lastKnownFileType = sourcecode.swift; path = ChatGroupViewController.swift; sourceTree = "<group>"; };
		253D29D825973B1700ED0FC6 /* Whereismythings.app */ = {isa = PBXFileReference; explicitFileType = wrapper.application; includeInIndex = 0; path = Whereismythings.app; sourceTree = BUILT_PRODUCTS_DIR; };
		253D29DB25973B1700ED0FC6 /* AppDelegate.swift */ = {isa = PBXFileReference; lastKnownFileType = sourcecode.swift; path = AppDelegate.swift; sourceTree = "<group>"; };
		253D29DD25973B1700ED0FC6 /* SceneDelegate.swift */ = {isa = PBXFileReference; lastKnownFileType = sourcecode.swift; path = SceneDelegate.swift; sourceTree = "<group>"; };
		253D29DF25973B1700ED0FC6 /* MapViewController.swift */ = {isa = PBXFileReference; lastKnownFileType = sourcecode.swift; path = MapViewController.swift; sourceTree = "<group>"; };
		253D29E225973B1700ED0FC6 /* Base */ = {isa = PBXFileReference; lastKnownFileType = file.storyboard; name = Base; path = Base.lproj/Main.storyboard; sourceTree = "<group>"; };
		253D29E425973B1800ED0FC6 /* Assets.xcassets */ = {isa = PBXFileReference; lastKnownFileType = folder.assetcatalog; path = Assets.xcassets; sourceTree = "<group>"; };
		253D29E725973B1800ED0FC6 /* Base */ = {isa = PBXFileReference; lastKnownFileType = file.storyboard; name = Base; path = Base.lproj/LaunchScreen.storyboard; sourceTree = "<group>"; };
		253D29E925973B1800ED0FC6 /* Info.plist */ = {isa = PBXFileReference; lastKnownFileType = text.plist.xml; path = Info.plist; sourceTree = "<group>"; };
		253D29F7259774B000ED0FC6 /* Search.storyboard */ = {isa = PBXFileReference; lastKnownFileType = file.storyboard; path = Search.storyboard; sourceTree = "<group>"; };
		253D29FC259775A400ED0FC6 /* login.storyboard */ = {isa = PBXFileReference; lastKnownFileType = file.storyboard; path = login.storyboard; sourceTree = "<group>"; };
		253D29FF259779DB00ED0FC6 /* FindOrRegister.storyboard */ = {isa = PBXFileReference; lastKnownFileType = file.storyboard; path = FindOrRegister.storyboard; sourceTree = "<group>"; };
		253D2A0225977B4400ED0FC6 /* SearchViewController.swift */ = {isa = PBXFileReference; lastKnownFileType = sourcecode.swift; path = SearchViewController.swift; sourceTree = "<group>"; };
		253D2A0825977B5F00ED0FC6 /* FindOrRegisterViewController.swift */ = {isa = PBXFileReference; lastKnownFileType = sourcecode.swift; path = FindOrRegisterViewController.swift; sourceTree = "<group>"; };
		9E926ABA202F0007697645E0 /* Pods-Whereismythings.release.xcconfig */ = {isa = PBXFileReference; includeInIndex = 1; lastKnownFileType = text.xcconfig; name = "Pods-Whereismythings.release.xcconfig"; path = "Target Support Files/Pods-Whereismythings/Pods-Whereismythings.release.xcconfig"; sourceTree = "<group>"; };
		BA758A8250FD97815A7CF79C /* Pods-Whereismythings.debug.xcconfig */ = {isa = PBXFileReference; includeInIndex = 1; lastKnownFileType = text.xcconfig; name = "Pods-Whereismythings.debug.xcconfig"; path = "Target Support Files/Pods-Whereismythings/Pods-Whereismythings.debug.xcconfig"; sourceTree = "<group>"; };
		F1066415A2A49B96AEF83060 /* Pods_Whereismythings.framework */ = {isa = PBXFileReference; explicitFileType = wrapper.framework; includeInIndex = 0; path = Pods_Whereismythings.framework; sourceTree = BUILT_PRODUCTS_DIR; };
/* End PBXFileReference section */

/* Begin PBXFrameworksBuildPhase section */
		253D29D525973B1700ED0FC6 /* Frameworks */ = {
			isa = PBXFrameworksBuildPhase;
			buildActionMask = 2147483647;
			files = (
				F792A8E1E37D771B4D66C60C /* Pods_Whereismythings.framework in Frameworks */,
			);
			runOnlyForDeploymentPostprocessing = 0;
		};
/* End PBXFrameworksBuildPhase section */

/* Begin PBXGroup section */
		1339A276FECCB9B47B8DBE00 /* Pods */ = {
			isa = PBXGroup;
			children = (
				BA758A8250FD97815A7CF79C /* Pods-Whereismythings.debug.xcconfig */,
				9E926ABA202F0007697645E0 /* Pods-Whereismythings.release.xcconfig */,
			);
			path = Pods;
			sourceTree = "<group>";
		};
		201850D425B11F91005FBF3E /* LogInViewController */ = {
			isa = PBXGroup;
			children = (
				201850C925B11F01005FBF3E /* LogInViewController.swift */,
				201850C325B11E3E005FBF3E /* SignUpViewController.swift */,
				201850C625B11E86005FBF3E /* SignLoginSelectViewController.swift */,
				2042E18725B1769B006DA999 /* completeLogInViewController.swift */,
			);
			path = LogInViewController;
			sourceTree = "<group>";
		};
		205C165C25B6F42F00585BFE /* ChattingViewController */ = {
			isa = PBXGroup;
			children = (
				207E15C425BA936E00099AF6 /* ChatMessageCell.swift */,
				205C165E25B6F50700585BFE /* UserListViewController.swift */,
				207E15C125BA913600099AF6 /* ChatViewController.swift */,
				20BDBCCC25BACE18002C7C7E /* ChatGroupViewController.swift */,
			);
			path = ChattingViewController;
			sourceTree = "<group>";
		};
		253D29CF25973B1700ED0FC6 = {
			isa = PBXGroup;
			children = (
				253D29DA25973B1700ED0FC6 /* Whereismythings */,
				253D29D925973B1700ED0FC6 /* Products */,
				1339A276FECCB9B47B8DBE00 /* Pods */,
				ECD8C52CE06BAFC360C4F8FC /* Frameworks */,
			);
			sourceTree = "<group>";
		};
		253D29D925973B1700ED0FC6 /* Products */ = {
			isa = PBXGroup;
			children = (
				253D29D825973B1700ED0FC6 /* Whereismythings.app */,
			);
			name = Products;
			sourceTree = "<group>";
		};
		253D29DA25973B1700ED0FC6 /* Whereismythings */ = {
			isa = PBXGroup;
			children = (
				207E15BE25BA869400099AF6 /* FirebaseDataService.swift */,
				253D29FA259774D900ED0FC6 /* Views */,
				253D29DB25973B1700ED0FC6 /* AppDelegate.swift */,
				253D29DD25973B1700ED0FC6 /* SceneDelegate.swift */,
				253D29DF25973B1700ED0FC6 /* MapViewController.swift */,
				253D29E425973B1800ED0FC6 /* Assets.xcassets */,
				253D29E625973B1800ED0FC6 /* LaunchScreen.storyboard */,
				253D29E925973B1800ED0FC6 /* Info.plist */,
				253D2A0225977B4400ED0FC6 /* SearchViewController.swift */,
				253D2A0825977B5F00ED0FC6 /* FindOrRegisterViewController.swift */,
				201850D625B155B0005FBF3E /* Informations.swift */,
				205C165C25B6F42F00585BFE /* ChattingViewController */,
				201850D425B11F91005FBF3E /* LogInViewController */,
			);
			path = Whereismythings;
			sourceTree = "<group>";
		};
		253D29FA259774D900ED0FC6 /* Views */ = {
			isa = PBXGroup;
			children = (
				207ACD9325B410E400FE4BDA /* GoogleService-Info.plist */,
				253D29E125973B1700ED0FC6 /* Main.storyboard */,
				205C165925B6EFC200585BFE /* Chat.storyboard */,
				253D29F7259774B000ED0FC6 /* Search.storyboard */,
				253D29FC259775A400ED0FC6 /* login.storyboard */,
				253D29FF259779DB00ED0FC6 /* FindOrRegister.storyboard */,
			);
			path = Views;
			sourceTree = "<group>";
		};
		ECD8C52CE06BAFC360C4F8FC /* Frameworks */ = {
			isa = PBXGroup;
			children = (
				F1066415A2A49B96AEF83060 /* Pods_Whereismythings.framework */,
			);
			name = Frameworks;
			sourceTree = "<group>";
		};
/* End PBXGroup section */

/* Begin PBXNativeTarget section */
		253D29D725973B1700ED0FC6 /* Whereismythings */ = {
			isa = PBXNativeTarget;
			buildConfigurationList = 253D29EC25973B1800ED0FC6 /* Build configuration list for PBXNativeTarget "Whereismythings" */;
			buildPhases = (
				56F185814AE1C54C158BAFD6 /* [CP] Check Pods Manifest.lock */,
				253D29D425973B1700ED0FC6 /* Sources */,
				253D29D525973B1700ED0FC6 /* Frameworks */,
				253D29D625973B1700ED0FC6 /* Resources */,
				031E2159E2B2A16D37622689 /* [CP] Embed Pods Frameworks */,
				ECB428654B72A1EC3A2EA5A3 /* [CP] Copy Pods Resources */,
			);
			buildRules = (
			);
			dependencies = (
			);
			name = Whereismythings;
			productName = Whereismythings;
			productReference = 253D29D825973B1700ED0FC6 /* Whereismythings.app */;
			productType = "com.apple.product-type.application";
		};
/* End PBXNativeTarget section */

/* Begin PBXProject section */
		253D29D025973B1700ED0FC6 /* Project object */ = {
			isa = PBXProject;
			attributes = {
				LastSwiftUpdateCheck = 1230;
				LastUpgradeCheck = 1230;
				TargetAttributes = {
					253D29D725973B1700ED0FC6 = {
						CreatedOnToolsVersion = 12.3;
					};
				};
			};
			buildConfigurationList = 253D29D325973B1700ED0FC6 /* Build configuration list for PBXProject "Whereismythings" */;
			compatibilityVersion = "Xcode 9.3";
			developmentRegion = en;
			hasScannedForEncodings = 0;
			knownRegions = (
				en,
				Base,
			);
			mainGroup = 253D29CF25973B1700ED0FC6;
			productRefGroup = 253D29D925973B1700ED0FC6 /* Products */;
			projectDirPath = "";
			projectRoot = "";
			targets = (
				253D29D725973B1700ED0FC6 /* Whereismythings */,
			);
		};
/* End PBXProject section */

/* Begin PBXResourcesBuildPhase section */
		253D29D625973B1700ED0FC6 /* Resources */ = {
			isa = PBXResourcesBuildPhase;
			buildActionMask = 2147483647;
			files = (
				253D29E825973B1800ED0FC6 /* LaunchScreen.storyboard in Resources */,
				253D29E525973B1800ED0FC6 /* Assets.xcassets in Resources */,
				253D29F8259774B000ED0FC6 /* Search.storyboard in Resources */,
				253D29E325973B1700ED0FC6 /* Main.storyboard in Resources */,
				253D29FD259775A400ED0FC6 /* login.storyboard in Resources */,
				253D2A00259779DB00ED0FC6 /* FindOrRegister.storyboard in Resources */,
				205C165A25B6EFC200585BFE /* Chat.storyboard in Resources */,
				207ACD9425B410E400FE4BDA /* GoogleService-Info.plist in Resources */,
			);
			runOnlyForDeploymentPostprocessing = 0;
		};
/* End PBXResourcesBuildPhase section */

/* Begin PBXShellScriptBuildPhase section */
		031E2159E2B2A16D37622689 /* [CP] Embed Pods Frameworks */ = {
			isa = PBXShellScriptBuildPhase;
			buildActionMask = 2147483647;
			files = (
			);
			inputFileListPaths = (
				"${PODS_ROOT}/Target Support Files/Pods-Whereismythings/Pods-Whereismythings-frameworks-${CONFIGURATION}-input-files.xcfilelist",
			);
			name = "[CP] Embed Pods Frameworks";
			outputFileListPaths = (
				"${PODS_ROOT}/Target Support Files/Pods-Whereismythings/Pods-Whereismythings-frameworks-${CONFIGURATION}-output-files.xcfilelist",
			);
			runOnlyForDeploymentPostprocessing = 0;
			shellPath = /bin/sh;
			shellScript = "\"${PODS_ROOT}/Target Support Files/Pods-Whereismythings/Pods-Whereismythings-frameworks.sh\"\n";
			showEnvVarsInLog = 0;
		};
		56F185814AE1C54C158BAFD6 /* [CP] Check Pods Manifest.lock */ = {
			isa = PBXShellScriptBuildPhase;
			buildActionMask = 2147483647;
			files = (
			);
			inputFileListPaths = (
			);
			inputPaths = (
				"${PODS_PODFILE_DIR_PATH}/Podfile.lock",
				"${PODS_ROOT}/Manifest.lock",
			);
			name = "[CP] Check Pods Manifest.lock";
			outputFileListPaths = (
			);
			outputPaths = (
				"$(DERIVED_FILE_DIR)/Pods-Whereismythings-checkManifestLockResult.txt",
			);
			runOnlyForDeploymentPostprocessing = 0;
			shellPath = /bin/sh;
			shellScript = "diff \"${PODS_PODFILE_DIR_PATH}/Podfile.lock\" \"${PODS_ROOT}/Manifest.lock\" > /dev/null\nif [ $? != 0 ] ; then\n    # print error to STDERR\n    echo \"error: The sandbox is not in sync with the Podfile.lock. Run 'pod install' or update your CocoaPods installation.\" >&2\n    exit 1\nfi\n# This output is used by Xcode 'outputs' to avoid re-running this script phase.\necho \"SUCCESS\" > \"${SCRIPT_OUTPUT_FILE_0}\"\n";
			showEnvVarsInLog = 0;
		};
		ECB428654B72A1EC3A2EA5A3 /* [CP] Copy Pods Resources */ = {
			isa = PBXShellScriptBuildPhase;
			buildActionMask = 2147483647;
			files = (
			);
			inputFileListPaths = (
				"${PODS_ROOT}/Target Support Files/Pods-Whereismythings/Pods-Whereismythings-resources-${CONFIGURATION}-input-files.xcfilelist",
			);
			name = "[CP] Copy Pods Resources";
			outputFileListPaths = (
				"${PODS_ROOT}/Target Support Files/Pods-Whereismythings/Pods-Whereismythings-resources-${CONFIGURATION}-output-files.xcfilelist",
			);
			runOnlyForDeploymentPostprocessing = 0;
			shellPath = /bin/sh;
			shellScript = "\"${PODS_ROOT}/Target Support Files/Pods-Whereismythings/Pods-Whereismythings-resources.sh\"\n";
			showEnvVarsInLog = 0;
		};
/* End PBXShellScriptBuildPhase section */

/* Begin PBXSourcesBuildPhase section */
		253D29D425973B1700ED0FC6 /* Sources */ = {
			isa = PBXSourcesBuildPhase;
			buildActionMask = 2147483647;
			files = (
				253D29E025973B1700ED0FC6 /* MapViewController.swift in Sources */,
				253D2A0925977B5F00ED0FC6 /* FindOrRegisterViewController.swift in Sources */,
				201850C425B11E3E005FBF3E /* SignUpViewController.swift in Sources */,
				201850D725B155B0005FBF3E /* Informations.swift in Sources */,
				253D29DC25973B1700ED0FC6 /* AppDelegate.swift in Sources */,
				207E15C525BA936E00099AF6 /* ChatMessageCell.swift in Sources */,
				207E15BF25BA869400099AF6 /* FirebaseDataService.swift in Sources */,
				201850C725B11E86005FBF3E /* SignLoginSelectViewController.swift in Sources */,
				20BDBCCD25BACE18002C7C7E /* ChatGroupViewController.swift in Sources */,
				205C165F25B6F50700585BFE /* UserListViewController.swift in Sources */,
				253D2A0325977B4400ED0FC6 /* SearchViewController.swift in Sources */,
				207E15C225BA913600099AF6 /* ChatViewController.swift in Sources */,
				201850CA25B11F02005FBF3E /* LogInViewController.swift in Sources */,
				2042E18825B1769B006DA999 /* completeLogInViewController.swift in Sources */,
				253D29DE25973B1700ED0FC6 /* SceneDelegate.swift in Sources */,
			);
			runOnlyForDeploymentPostprocessing = 0;
		};
/* End PBXSourcesBuildPhase section */

/* Begin PBXVariantGroup section */
		253D29E125973B1700ED0FC6 /* Main.storyboard */ = {
			isa = PBXVariantGroup;
			children = (
				253D29E225973B1700ED0FC6 /* Base */,
			);
			name = Main.storyboard;
			sourceTree = "<group>";
		};
		253D29E625973B1800ED0FC6 /* LaunchScreen.storyboard */ = {
			isa = PBXVariantGroup;
			children = (
				253D29E725973B1800ED0FC6 /* Base */,
			);
			name = LaunchScreen.storyboard;
			sourceTree = "<group>";
		};
/* End PBXVariantGroup section */

/* Begin XCBuildConfiguration section */
		253D29EA25973B1800ED0FC6 /* Debug */ = {
			isa = XCBuildConfiguration;
			buildSettings = {
				ALWAYS_SEARCH_USER_PATHS = NO;
				CLANG_ANALYZER_NONNULL = YES;
				CLANG_ANALYZER_NUMBER_OBJECT_CONVERSION = YES_AGGRESSIVE;
				CLANG_CXX_LANGUAGE_STANDARD = "gnu++14";
				CLANG_CXX_LIBRARY = "libc++";
				CLANG_ENABLE_MODULES = YES;
				CLANG_ENABLE_OBJC_ARC = YES;
				CLANG_ENABLE_OBJC_WEAK = YES;
				CLANG_WARN_BLOCK_CAPTURE_AUTORELEASING = YES;
				CLANG_WARN_BOOL_CONVERSION = YES;
				CLANG_WARN_COMMA = YES;
				CLANG_WARN_CONSTANT_CONVERSION = YES;
				CLANG_WARN_DEPRECATED_OBJC_IMPLEMENTATIONS = YES;
				CLANG_WARN_DIRECT_OBJC_ISA_USAGE = YES_ERROR;
				CLANG_WARN_DOCUMENTATION_COMMENTS = YES;
				CLANG_WARN_EMPTY_BODY = YES;
				CLANG_WARN_ENUM_CONVERSION = YES;
				CLANG_WARN_INFINITE_RECURSION = YES;
				CLANG_WARN_INT_CONVERSION = YES;
				CLANG_WARN_NON_LITERAL_NULL_CONVERSION = YES;
				CLANG_WARN_OBJC_IMPLICIT_RETAIN_SELF = YES;
				CLANG_WARN_OBJC_LITERAL_CONVERSION = YES;
				CLANG_WARN_OBJC_ROOT_CLASS = YES_ERROR;
				CLANG_WARN_QUOTED_INCLUDE_IN_FRAMEWORK_HEADER = YES;
				CLANG_WARN_RANGE_LOOP_ANALYSIS = YES;
				CLANG_WARN_STRICT_PROTOTYPES = YES;
				CLANG_WARN_SUSPICIOUS_MOVE = YES;
				CLANG_WARN_UNGUARDED_AVAILABILITY = YES_AGGRESSIVE;
				CLANG_WARN_UNREACHABLE_CODE = YES;
				CLANG_WARN__DUPLICATE_METHOD_MATCH = YES;
				COPY_PHASE_STRIP = NO;
				DEBUG_INFORMATION_FORMAT = dwarf;
				ENABLE_STRICT_OBJC_MSGSEND = YES;
				ENABLE_TESTABILITY = YES;
				GCC_C_LANGUAGE_STANDARD = gnu11;
				GCC_DYNAMIC_NO_PIC = NO;
				GCC_NO_COMMON_BLOCKS = YES;
				GCC_OPTIMIZATION_LEVEL = 0;
				GCC_PREPROCESSOR_DEFINITIONS = (
					"DEBUG=1",
					"$(inherited)",
				);
				GCC_WARN_64_TO_32_BIT_CONVERSION = YES;
				GCC_WARN_ABOUT_RETURN_TYPE = YES_ERROR;
				GCC_WARN_UNDECLARED_SELECTOR = YES;
				GCC_WARN_UNINITIALIZED_AUTOS = YES_AGGRESSIVE;
				GCC_WARN_UNUSED_FUNCTION = YES;
				GCC_WARN_UNUSED_VARIABLE = YES;
				IPHONEOS_DEPLOYMENT_TARGET = 14.3;
				MTL_ENABLE_DEBUG_INFO = INCLUDE_SOURCE;
				MTL_FAST_MATH = YES;
				ONLY_ACTIVE_ARCH = YES;
				SDKROOT = iphoneos;
				SWIFT_ACTIVE_COMPILATION_CONDITIONS = DEBUG;
				SWIFT_OPTIMIZATION_LEVEL = "-Onone";
			};
			name = Debug;
		};
		253D29EB25973B1800ED0FC6 /* Release */ = {
			isa = XCBuildConfiguration;
			buildSettings = {
				ALWAYS_SEARCH_USER_PATHS = NO;
				CLANG_ANALYZER_NONNULL = YES;
				CLANG_ANALYZER_NUMBER_OBJECT_CONVERSION = YES_AGGRESSIVE;
				CLANG_CXX_LANGUAGE_STANDARD = "gnu++14";
				CLANG_CXX_LIBRARY = "libc++";
				CLANG_ENABLE_MODULES = YES;
				CLANG_ENABLE_OBJC_ARC = YES;
				CLANG_ENABLE_OBJC_WEAK = YES;
				CLANG_WARN_BLOCK_CAPTURE_AUTORELEASING = YES;
				CLANG_WARN_BOOL_CONVERSION = YES;
				CLANG_WARN_COMMA = YES;
				CLANG_WARN_CONSTANT_CONVERSION = YES;
				CLANG_WARN_DEPRECATED_OBJC_IMPLEMENTATIONS = YES;
				CLANG_WARN_DIRECT_OBJC_ISA_USAGE = YES_ERROR;
				CLANG_WARN_DOCUMENTATION_COMMENTS = YES;
				CLANG_WARN_EMPTY_BODY = YES;
				CLANG_WARN_ENUM_CONVERSION = YES;
				CLANG_WARN_INFINITE_RECURSION = YES;
				CLANG_WARN_INT_CONVERSION = YES;
				CLANG_WARN_NON_LITERAL_NULL_CONVERSION = YES;
				CLANG_WARN_OBJC_IMPLICIT_RETAIN_SELF = YES;
				CLANG_WARN_OBJC_LITERAL_CONVERSION = YES;
				CLANG_WARN_OBJC_ROOT_CLASS = YES_ERROR;
				CLANG_WARN_QUOTED_INCLUDE_IN_FRAMEWORK_HEADER = YES;
				CLANG_WARN_RANGE_LOOP_ANALYSIS = YES;
				CLANG_WARN_STRICT_PROTOTYPES = YES;
				CLANG_WARN_SUSPICIOUS_MOVE = YES;
				CLANG_WARN_UNGUARDED_AVAILABILITY = YES_AGGRESSIVE;
				CLANG_WARN_UNREACHABLE_CODE = YES;
				CLANG_WARN__DUPLICATE_METHOD_MATCH = YES;
				COPY_PHASE_STRIP = NO;
				DEBUG_INFORMATION_FORMAT = "dwarf-with-dsym";
				ENABLE_NS_ASSERTIONS = NO;
				ENABLE_STRICT_OBJC_MSGSEND = YES;
				GCC_C_LANGUAGE_STANDARD = gnu11;
				GCC_NO_COMMON_BLOCKS = YES;
				GCC_WARN_64_TO_32_BIT_CONVERSION = YES;
				GCC_WARN_ABOUT_RETURN_TYPE = YES_ERROR;
				GCC_WARN_UNDECLARED_SELECTOR = YES;
				GCC_WARN_UNINITIALIZED_AUTOS = YES_AGGRESSIVE;
				GCC_WARN_UNUSED_FUNCTION = YES;
				GCC_WARN_UNUSED_VARIABLE = YES;
				IPHONEOS_DEPLOYMENT_TARGET = 14.3;
				MTL_ENABLE_DEBUG_INFO = NO;
				MTL_FAST_MATH = YES;
				SDKROOT = iphoneos;
				SWIFT_COMPILATION_MODE = wholemodule;
				SWIFT_OPTIMIZATION_LEVEL = "-O";
				VALIDATE_PRODUCT = YES;
			};
			name = Release;
		};
		253D29ED25973B1800ED0FC6 /* Debug */ = {
			isa = XCBuildConfiguration;
			baseConfigurationReference = BA758A8250FD97815A7CF79C /* Pods-Whereismythings.debug.xcconfig */;
			buildSettings = {
				ASSETCATALOG_COMPILER_APPICON_NAME = AppIcon;
				ASSETCATALOG_COMPILER_GLOBAL_ACCENT_COLOR_NAME = AccentColor;
				CODE_SIGN_STYLE = Automatic;
				INFOPLIST_FILE = Whereismythings/Info.plist;
				LD_RUNPATH_SEARCH_PATHS = (
					"$(inherited)",
					"@executable_path/Frameworks",
				);
				PRODUCT_BUNDLE_IDENTIFIER = com.Whereismythings;
				PRODUCT_NAME = "$(TARGET_NAME)";
				SWIFT_VERSION = 5.0;
				TARGETED_DEVICE_FAMILY = "1,2";
			};
			name = Debug;
		};
		253D29EE25973B1800ED0FC6 /* Release */ = {
			isa = XCBuildConfiguration;
			baseConfigurationReference = 9E926ABA202F0007697645E0 /* Pods-Whereismythings.release.xcconfig */;
			buildSettings = {
				ASSETCATALOG_COMPILER_APPICON_NAME = AppIcon;
				ASSETCATALOG_COMPILER_GLOBAL_ACCENT_COLOR_NAME = AccentColor;
				CODE_SIGN_STYLE = Automatic;
				INFOPLIST_FILE = Whereismythings/Info.plist;
				LD_RUNPATH_SEARCH_PATHS = (
					"$(inherited)",
					"@executable_path/Frameworks",
				);
				PRODUCT_BUNDLE_IDENTIFIER = com.Whereismythings;
				PRODUCT_NAME = "$(TARGET_NAME)";
				SWIFT_VERSION = 5.0;
				TARGETED_DEVICE_FAMILY = "1,2";
			};
			name = Release;
		};
/* End XCBuildConfiguration section */

/* Begin XCConfigurationList section */
		253D29D325973B1700ED0FC6 /* Build configuration list for PBXProject "Whereismythings" */ = {
			isa = XCConfigurationList;
			buildConfigurations = (
				253D29EA25973B1800ED0FC6 /* Debug */,
				253D29EB25973B1800ED0FC6 /* Release */,
			);
			defaultConfigurationIsVisible = 0;
			defaultConfigurationName = Release;
		};
		253D29EC25973B1800ED0FC6 /* Build configuration list for PBXNativeTarget "Whereismythings" */ = {
			isa = XCConfigurationList;
			buildConfigurations = (
				253D29ED25973B1800ED0FC6 /* Debug */,
				253D29EE25973B1800ED0FC6 /* Release */,
			);
			defaultConfigurationIsVisible = 0;
			defaultConfigurationName = Release;
		};
/* End XCConfigurationList section */
	};
	rootObject = 253D29D025973B1700ED0FC6 /* Project object */;
}
